PODS:
  - AFNetworking (4.0.1):
    - AFNetworking/NSURLSession (= 4.0.1)
    - AFNetworking/Reachability (= 4.0.1)
    - AFNetworking/Security (= 4.0.1)
    - AFNetworking/Serialization (= 4.0.1)
    - AFNetworking/UIKit (= 4.0.1)
  - AFNetworking/NSURLSession (4.0.1):
    - AFNetworking/Reachability
    - AFNetworking/Security
    - AFNetworking/Serialization
  - AFNetworking/Reachability (4.0.1)
  - AFNetworking/Security (4.0.1)
  - AFNetworking/Serialization (4.0.1)
  - AFNetworking/UIKit (4.0.1):
    - AFNetworking/NSURLSession
  - MBProgressHUD (1.2.0)
  - ReactiveObjC (3.1.1)
  - SNFoundation (0.0.4)
  - SNTool (0.1.6):
    - MBProgressHUD

DEPENDENCIES:
  - AFNetworking
  - ReactiveObjC
  - SNFoundation
  - SNTool

SPEC REPOS:
  trunk:
    - AFNetworking
    - MBProgressHUD
    - ReactiveObjC
    - SNFoundation
    - SNTool

SPEC CHECKSUMS:
  AFNetworking: 7864c38297c79aaca1500c33288e429c3451fdce
  MBProgressHUD: 3ee5efcc380f6a79a7cc9b363dd669c5e1ae7406
  ReactiveObjC: 011caa393aa0383245f2dcf9bf02e86b80b36040
  SNFoundation: dc9691581e4e744e50b1505a53d659b1197073b5
  SNTool: 8cb927cbbb026e16a77c744966107afc943e6f59

PODFILE CHECKSUM: a42c539c5ed0a75c176414a3cd9c2f588007651f

COCOAPODS: 1.8.4
