PODS:
  - AFNetworking (3.2.1):
    - AFNetworking/NSURLSession (= 3.2.1)
    - AFNetworking/Reachability (= 3.2.1)
    - AFNetworking/Security (= 3.2.1)
    - AFNetworking/Serialization (= 3.2.1)
    - AFNetworking/UIKit (= 3.2.1)
  - AFNetworking/NSURLSession (3.2.1):
    - AFNetworking/Reachability
    - AFNetworking/Security
    - AFNetworking/Serialization
  - AFNetworking/Reachability (3.2.1)
  - AFNetworking/Security (3.2.1)
  - AFNetworking/Serialization (3.2.1)
  - AFNetworking/UIKit (3.2.1):
    - AFNetworking/NSURLSession
  - MBProgressHUD (1.1.0)
  - SNFoundation (0.0.4)
  - SNTool (0.1.0):
    - MBProgressHUD

DEPENDENCIES:
  - AFNetworking
  - SNFoundation
  - SNTool

SPEC REPOS:
  https://github.com/cocoapods/specs.git:
    - AFNetworking
    - MBProgressHUD
    - SNFoundation
    - SNTool

SPEC CHECKSUMS:
  AFNetworking: b6f891fdfaed196b46c7a83cf209e09697b94057
  MBProgressHUD: e7baa36a220447d8aeb12769bf0585582f3866d9
  SNFoundation: dc9691581e4e744e50b1505a53d659b1197073b5
  SNTool: 39bd872467b22d392fff945e21dd2748fed2949b

PODFILE CHECKSUM: 7c3e475411eb1cdbd1e23ddef2a24ef22aaebb24

COCOAPODS: 1.5.2
